Microsoft Visual Studio Solution File, Format Version 12.00
# Visual Studio 15
VisualStudioVersion = 15.0.26228.73
MinimumVisualStudioVersion = 10.0.40219.1
Project("{2150E333-8FDC-42A3-9474-1A3956D46DE8}") = "1. Project", "1. Project", "{5D709AC7-1426-4B80-B1F3-079F17EC5856}"
EndProject
Project("{2150E333-8FDC-42A3-9474-1A3956D46DE8}") = "2. Feature", "2. Feature", "{86F6F902-A9B3-408F-8E23-2CCB46AFC036}"
EndProject
Project("{2150E333-8FDC-42A3-9474-1A3956D46DE8}") = "3. Foundation", "3. Foundation", "{BC50975C-41D6-42E4-B31D-4668BF3097A7}"
EndProject
Project("{2150E333-8FDC-42A3-9474-1A3956D46DE8}") = "Configuration", "Configuration", "{4F86B5F9-CCE4-4DB2-8983-7B271E1D3AA6}"
	ProjectSection(SolutionItems) = preProject
		scripts\applytransform.targets = scripts\applytransform.targets
		gulp-config.js = gulp-config.js
		gulpfile.js = gulpfile.js
		package.json = package.json
		package.xml = package.xml
		publishsettings.targets = publishsettings.targets
		README.md = README.md
		WebEssentials2015-Settings.json = WebEssentials2015-Settings.json
	EndProjectSection
EndProject
Project("{2150E333-8FDC-42A3-9474-1A3956D46DE8}") = "View Variants", "View Variants", "{8A237AA4-BC13-4998-9074-32F8DDACDC33}"
EndProject
Project("{FAE04EC0-301F-11D3-BF4B-00C04F79EFBC}") = "Foundation.ViewVariants", "src\Foundation\View Variants\code\Foundation.ViewVariants.csproj", "{60FDC4EA-B56F-4EC5-AB57-D6C68A523ECC}"
EndProject
Project("{2150E333-8FDC-42A3-9474-1A3956D46DE8}") = "Serialization", "Serialization", "{A338DA32-ED5A-44B2-B042-88304CD968AC}"
EndProject
Project("{FAE04EC0-301F-11D3-BF4B-00C04F79EFBC}") = "Foundation.Serialization", "src\Foundation\Serialization\code\Foundation.Serialization.csproj", "{007CD5DC-0030-460D-91A3-3DDEA9AB472F}"
EndProject
Global
	GlobalSection(SolutionConfigurationPlatforms) = preSolution
		Debug|Any CPU = Debug|Any CPU
		Release|Any CPU = Release|Any CPU
	EndGlobalSection
	GlobalSection(ProjectConfigurationPlatforms) = postSolution
		{60FDC4EA-B56F-4EC5-AB57-D6C68A523ECC}.Debug|Any CPU.ActiveCfg = Debug|Any CPU
		{60FDC4EA-B56F-4EC5-AB57-D6C68A523ECC}.Debug|Any CPU.Build.0 = Debug|Any CPU
		{60FDC4EA-B56F-4EC5-AB57-D6C68A523ECC}.Release|Any CPU.ActiveCfg = Release|Any CPU
		{60FDC4EA-B56F-4EC5-AB57-D6C68A523ECC}.Release|Any CPU.Build.0 = Release|Any CPU
		{007CD5DC-0030-460D-91A3-3DDEA9AB472F}.Debug|Any CPU.ActiveCfg = Debug|Any CPU
		{007CD5DC-0030-460D-91A3-3DDEA9AB472F}.Debug|Any CPU.Build.0 = Debug|Any CPU
		{007CD5DC-0030-460D-91A3-3DDEA9AB472F}.Release|Any CPU.ActiveCfg = Release|Any CPU
		{007CD5DC-0030-460D-91A3-3DDEA9AB472F}.Release|Any CPU.Build.0 = Release|Any CPU
	EndGlobalSection
	GlobalSection(SolutionProperties) = preSolution
		HideSolutionNode = FALSE
	EndGlobalSection
	GlobalSection(NestedProjects) = preSolution
		{8A237AA4-BC13-4998-9074-32F8DDACDC33} = {BC50975C-41D6-42E4-B31D-4668BF3097A7}
		{60FDC4EA-B56F-4EC5-AB57-D6C68A523ECC} = {8A237AA4-BC13-4998-9074-32F8DDACDC33}
		{A338DA32-ED5A-44B2-B042-88304CD968AC} = {BC50975C-41D6-42E4-B31D-4668BF3097A7}
		{007CD5DC-0030-460D-91A3-3DDEA9AB472F} = {A338DA32-ED5A-44B2-B042-88304CD968AC}
	EndGlobalSection
	GlobalSection(ExtensibilityGlobals) = postSolution
		SolutionGuid = {A0CB39A0-36E0-4A13-A099-C8B976860B54}
	EndGlobalSection
EndGlobal
